
Microsoft Visual Studio Solution File, Format Version 12.00
# Visual Studio Version 16
VisualStudioVersion = 16.0.31702.278
MinimumVisualStudioVersion = 10.0.40219.1
Project("{FAE04EC0-301F-11D3-BF4B-00C04F79EFBC}") = "WFAPOO10", "WFAPOO10.csproj", "{5B6D59B9-C61B-4E50-AA98-B03CFB05919B}"
EndProject
Global
	GlobalSection(SolutionConfigurationPlatforms) = preSolution
		Debug|Any CPU = Debug|Any CPU
		Release|Any CPU = Release|Any CPU
	EndGlobalSection
	GlobalSection(ProjectConfigurationPlatforms) = postSolution
		{5B6D59B9-C61B-4E50-AA98-B03CFB05919B}.Debug|Any CPU.ActiveCfg = Debug|Any CPU
		{5B6D59B9-C61B-4E50-AA98-B03CFB05919B}.Debug|Any CPU.Build.0 = Debug|Any CPU
		{5B6D59B9-C61B-4E50-AA98-B03CFB05919B}.Release|Any CPU.ActiveCfg = Release|Any CPU
		{5B6D59B9-C61B-4E50-AA98-B03CFB05919B}.Release|Any CPU.Build.0 = Release|Any CPU
	EndGlobalSection
	GlobalSection(SolutionProperties) = preSolution
		HideSolutionNode = FALSE
	EndGlobalSection
	GlobalSection(ExtensibilityGlobals) = postSolution
		SolutionGuid = {A49B98F9-CFCD-4830-B0E7-09DB05E6BE7E}
	EndGlobalSection
EndGlobal
