
Microsoft Visual Studio Solution File, Format Version 12.00
# Visual Studio Version 16
VisualStudioVersion = 16.0.31702.278
MinimumVisualStudioVersion = 10.0.40219.1
Project("{FAE04EC0-301F-11D3-BF4B-00C04F79EFBC}") = "WFAPOO7", "WFAPOO7.csproj", "{404C2D92-A729-4238-A4A8-30B3867E7172}"
EndProject
Global
	GlobalSection(SolutionConfigurationPlatforms) = preSolution
		Debug|Any CPU = Debug|Any CPU
		Release|Any CPU = Release|Any CPU
	EndGlobalSection
	GlobalSection(ProjectConfigurationPlatforms) = postSolution
		{404C2D92-A729-4238-A4A8-30B3867E7172}.Debug|Any CPU.ActiveCfg = Debug|Any CPU
		{404C2D92-A729-4238-A4A8-30B3867E7172}.Debug|Any CPU.Build.0 = Debug|Any CPU
		{404C2D92-A729-4238-A4A8-30B3867E7172}.Release|Any CPU.ActiveCfg = Release|Any CPU
		{404C2D92-A729-4238-A4A8-30B3867E7172}.Release|Any CPU.Build.0 = Release|Any CPU
	EndGlobalSection
	GlobalSection(SolutionProperties) = preSolution
		HideSolutionNode = FALSE
	EndGlobalSection
	GlobalSection(ExtensibilityGlobals) = postSolution
		SolutionGuid = {39443281-9D73-4A39-BE25-7A9A1A70C23A}
	EndGlobalSection
EndGlobal
