
Microsoft Visual Studio Solution File, Format Version 12.00
# Visual Studio Version 16
VisualStudioVersion = 16.0.31702.278
MinimumVisualStudioVersion = 10.0.40219.1
Project("{FAE04EC0-301F-11D3-BF4B-00C04F79EFBC}") = "WFAPOO13", "WFAPOO13.csproj", "{57790401-81DF-452B-B940-AF8FCA57B26D}"
EndProject
Global
	GlobalSection(SolutionConfigurationPlatforms) = preSolution
		Debug|Any CPU = Debug|Any CPU
		Release|Any CPU = Release|Any CPU
	EndGlobalSection
	GlobalSection(ProjectConfigurationPlatforms) = postSolution
		{57790401-81DF-452B-B940-AF8FCA57B26D}.Debug|Any CPU.ActiveCfg = Debug|Any CPU
		{57790401-81DF-452B-B940-AF8FCA57B26D}.Debug|Any CPU.Build.0 = Debug|Any CPU
		{57790401-81DF-452B-B940-AF8FCA57B26D}.Release|Any CPU.ActiveCfg = Release|Any CPU
		{57790401-81DF-452B-B940-AF8FCA57B26D}.Release|Any CPU.Build.0 = Release|Any CPU
	EndGlobalSection
	GlobalSection(SolutionProperties) = preSolution
		HideSolutionNode = FALSE
	EndGlobalSection
	GlobalSection(ExtensibilityGlobals) = postSolution
		SolutionGuid = {795F831F-6A15-4416-B9AB-CA569EF9E6C8}
	EndGlobalSection
EndGlobal
